// !$*UTF8*$!
{
	archiveVersion = 1;
	classes = {
	};
	objectVersion = 50;
	objects = {

/* Begin PBXBuildFile section */
		E2293205245196DF004EE9CF /* Family.swift in Sources */ = {isa = PBXBuildFile; fileRef = E2293204245196DF004EE9CF /* Family.swift */; };
		E22F1A47246FEC1A00675E81 /* InputError.swift in Sources */ = {isa = PBXBuildFile; fileRef = E22F1A46246FEC1A00675E81 /* InputError.swift */; };
		E22F1A49246FF10200675E81 /* NameDefiner.swift in Sources */ = {isa = PBXBuildFile; fileRef = E22F1A48246FF10200675E81 /* NameDefiner.swift */; };
		E23C8591244AEE3A009E4162 /* Naginata.swift in Sources */ = {isa = PBXBuildFile; fileRef = E23C8590244AEE3A009E4162 /* Naginata.swift */; };
		E23C8593244AEEFE009E4162 /* Tanto.swift in Sources */ = {isa = PBXBuildFile; fileRef = E23C8592244AEEFE009E4162 /* Tanto.swift */; };
		E23C8595244AEF69009E4162 /* Uchigatana.swift in Sources */ = {isa = PBXBuildFile; fileRef = E23C8594244AEF69009E4162 /* Uchigatana.swift */; };
		E23C8597244AEFA7009E4162 /* Wakizushi.swift in Sources */ = {isa = PBXBuildFile; fileRef = E23C8596244AEFA7009E4162 /* Wakizushi.swift */; };
		E23C8599244AEFD8009E4162 /* Tachi.swift in Sources */ = {isa = PBXBuildFile; fileRef = E23C8598244AEFD8009E4162 /* Tachi.swift */; };
		E23C859B244AF049009E4162 /* Kunaï.swift in Sources */ = {isa = PBXBuildFile; fileRef = E23C859A244AF049009E4162 /* Kunaï.swift */; };
		E23C859F244AF2A3009E4162 /* Asako.swift in Sources */ = {isa = PBXBuildFile; fileRef = E23C859E244AF2A3009E4162 /* Asako.swift */; };
		E23C85A1244AF338009E4162 /* Eijiro.swift in Sources */ = {isa = PBXBuildFile; fileRef = E23C85A0244AF338009E4162 /* Eijiro.swift */; };
		E23C85A3244AF37E009E4162 /* Hanabi.swift in Sources */ = {isa = PBXBuildFile; fileRef = E23C85A2244AF37E009E4162 /* Hanabi.swift */; };
		E23C85A5244AF3B9009E4162 /* Kabuto.swift in Sources */ = {isa = PBXBuildFile; fileRef = E23C85A4244AF3B9009E4162 /* Kabuto.swift */; };
		E23C85A7244AF3F9009E4162 /* Namiko.swift in Sources */ = {isa = PBXBuildFile; fileRef = E23C85A6244AF3F9009E4162 /* Namiko.swift */; };
		E23C85A9244AF432009E4162 /* Shido.swift in Sources */ = {isa = PBXBuildFile; fileRef = E23C85A8244AF432009E4162 /* Shido.swift */; };
		E23C85C8244B083E009E4162 /* main.swift in Sources */ = {isa = PBXBuildFile; fileRef = E23C85C7244B083E009E4162 /* main.swift */; };
		E25579D22445AFC4005E3D9A /* GameManager.swift in Sources */ = {isa = PBXBuildFile; fileRef = E25579D12445AFC4005E3D9A /* GameManager.swift */; };
		E25579D92445B48A005E3D9A /* Player.swift in Sources */ = {isa = PBXBuildFile; fileRef = E25579D82445B48A005E3D9A /* Player.swift */; };
		E25579DB2445BB4E005E3D9A /* Warrior.swift in Sources */ = {isa = PBXBuildFile; fileRef = E25579DA2445BB4E005E3D9A /* Warrior.swift */; };
		E25579DD2445BB7D005E3D9A /* Weapon.swift in Sources */ = {isa = PBXBuildFile; fileRef = E25579DC2445BB7D005E3D9A /* Weapon.swift */; };
		E25579DF2445BBA9005E3D9A /* Chest.swift in Sources */ = {isa = PBXBuildFile; fileRef = E25579DE2445BBA9005E3D9A /* Chest.swift */; };
/* End PBXBuildFile section */

/* Begin PBXCopyFilesBuildPhase section */
		E25579CC2445AFC4005E3D9A /* CopyFiles */ = {
			isa = PBXCopyFilesBuildPhase;
			buildActionMask = 2147483647;
			dstPath = /usr/share/man/man1/;
			dstSubfolderSpec = 0;
			files = (
			);
			runOnlyForDeploymentPostprocessing = 1;
		};
/* End PBXCopyFilesBuildPhase section */

/* Begin PBXFileReference section */
		E2293204245196DF004EE9CF /* Family.swift */ = {isa = PBXFileReference; lastKnownFileType = sourcecode.swift; path = Family.swift; sourceTree = "<group>"; };
		E22F1A46246FEC1A00675E81 /* InputError.swift */ = {isa = PBXFileReference; lastKnownFileType = sourcecode.swift; path = InputError.swift; sourceTree = "<group>"; };
		E22F1A48246FF10200675E81 /* NameDefiner.swift */ = {isa = PBXFileReference; lastKnownFileType = sourcecode.swift; path = NameDefiner.swift; sourceTree = "<group>"; };
		E23C8590244AEE3A009E4162 /* Naginata.swift */ = {isa = PBXFileReference; lastKnownFileType = sourcecode.swift; path = Naginata.swift; sourceTree = "<group>"; };
		E23C8592244AEEFE009E4162 /* Tanto.swift */ = {isa = PBXFileReference; lastKnownFileType = sourcecode.swift; path = Tanto.swift; sourceTree = "<group>"; };
		E23C8594244AEF69009E4162 /* Uchigatana.swift */ = {isa = PBXFileReference; lastKnownFileType = sourcecode.swift; path = Uchigatana.swift; sourceTree = "<group>"; };
		E23C8596244AEFA7009E4162 /* Wakizushi.swift */ = {isa = PBXFileReference; lastKnownFileType = sourcecode.swift; path = Wakizushi.swift; sourceTree = "<group>"; };
		E23C8598244AEFD8009E4162 /* Tachi.swift */ = {isa = PBXFileReference; lastKnownFileType = sourcecode.swift; path = Tachi.swift; sourceTree = "<group>"; };
		E23C859A244AF049009E4162 /* Kunaï.swift */ = {isa = PBXFileReference; lastKnownFileType = sourcecode.swift; path = "Kunaï.swift"; sourceTree = "<group>"; };
		E23C859E244AF2A3009E4162 /* Asako.swift */ = {isa = PBXFileReference; lastKnownFileType = sourcecode.swift; path = Asako.swift; sourceTree = "<group>"; };
		E23C85A0244AF338009E4162 /* Eijiro.swift */ = {isa = PBXFileReference; lastKnownFileType = sourcecode.swift; path = Eijiro.swift; sourceTree = "<group>"; };
		E23C85A2244AF37E009E4162 /* Hanabi.swift */ = {isa = PBXFileReference; lastKnownFileType = sourcecode.swift; path = Hanabi.swift; sourceTree = "<group>"; };
		E23C85A4244AF3B9009E4162 /* Kabuto.swift */ = {isa = PBXFileReference; lastKnownFileType = sourcecode.swift; path = Kabuto.swift; sourceTree = "<group>"; };
		E23C85A6244AF3F9009E4162 /* Namiko.swift */ = {isa = PBXFileReference; lastKnownFileType = sourcecode.swift; path = Namiko.swift; sourceTree = "<group>"; };
		E23C85A8244AF432009E4162 /* Shido.swift */ = {isa = PBXFileReference; lastKnownFileType = sourcecode.swift; path = Shido.swift; sourceTree = "<group>"; };
		E23C85C7244B083E009E4162 /* main.swift */ = {isa = PBXFileReference; fileEncoding = 4; lastKnownFileType = sourcecode.swift; path = main.swift; sourceTree = "<group>"; };
		E25579CE2445AFC4005E3D9A /* P3_01_XCode */ = {isa = PBXFileReference; explicitFileType = "compiled.mach-o.executable"; includeInIndex = 0; path = P3_01_XCode; sourceTree = BUILT_PRODUCTS_DIR; };
		E25579D12445AFC4005E3D9A /* GameManager.swift */ = {isa = PBXFileReference; lastKnownFileType = sourcecode.swift; path = GameManager.swift; sourceTree = "<group>"; };
		E25579D82445B48A005E3D9A /* Player.swift */ = {isa = PBXFileReference; lastKnownFileType = sourcecode.swift; path = Player.swift; sourceTree = "<group>"; };
		E25579DA2445BB4E005E3D9A /* Warrior.swift */ = {isa = PBXFileReference; lastKnownFileType = sourcecode.swift; path = Warrior.swift; sourceTree = "<group>"; };
		E25579DC2445BB7D005E3D9A /* Weapon.swift */ = {isa = PBXFileReference; lastKnownFileType = sourcecode.swift; path = Weapon.swift; sourceTree = "<group>"; };
		E25579DE2445BBA9005E3D9A /* Chest.swift */ = {isa = PBXFileReference; lastKnownFileType = sourcecode.swift; path = Chest.swift; sourceTree = "<group>"; };
/* End PBXFileReference section */

/* Begin PBXFrameworksBuildPhase section */
		E25579CB2445AFC4005E3D9A /* Frameworks */ = {
			isa = PBXFrameworksBuildPhase;
			buildActionMask = 2147483647;
			files = (
			);
			runOnlyForDeploymentPostprocessing = 0;
		};
/* End PBXFrameworksBuildPhase section */

/* Begin PBXGroup section */
		E23C859C244AF077009E4162 /* Weapon */ = {
			isa = PBXGroup;
			children = (
				E25579DC2445BB7D005E3D9A /* Weapon.swift */,
				E23C85CA244B0A59009E4162 /* Subclasses */,
			);
			path = Weapon;
			sourceTree = "<group>";
		};
		E23C859D244AF263009E4162 /* Warrior */ = {
			isa = PBXGroup;
			children = (
				E25579DA2445BB4E005E3D9A /* Warrior.swift */,
				E23C85C9244B0A49009E4162 /* Subclasses */,
			);
			path = Warrior;
			sourceTree = "<group>";
		};
		E23C85AE244AF625009E4162 /* Player */ = {
			isa = PBXGroup;
			children = (
				E25579D82445B48A005E3D9A /* Player.swift */,
			);
			path = Player;
			sourceTree = "<group>";
		};
		E23C85C9244B0A49009E4162 /* Subclasses */ = {
			isa = PBXGroup;
			children = (
				E23C859E244AF2A3009E4162 /* Asako.swift */,
				E23C85A0244AF338009E4162 /* Eijiro.swift */,
				E23C85A2244AF37E009E4162 /* Hanabi.swift */,
				E23C85A4244AF3B9009E4162 /* Kabuto.swift */,
				E23C85A6244AF3F9009E4162 /* Namiko.swift */,
				E23C85A8244AF432009E4162 /* Shido.swift */,
			);
			path = Subclasses;
			sourceTree = "<group>";
		};
		E23C85CA244B0A59009E4162 /* Subclasses */ = {
			isa = PBXGroup;
			children = (
				E23C8590244AEE3A009E4162 /* Naginata.swift */,
				E23C8594244AEF69009E4162 /* Uchigatana.swift */,
				E23C8596244AEFA7009E4162 /* Wakizushi.swift */,
				E23C8598244AEFD8009E4162 /* Tachi.swift */,
				E23C859A244AF049009E4162 /* Kunaï.swift */,
				E23C8592244AEEFE009E4162 /* Tanto.swift */,
			);
			path = Subclasses;
			sourceTree = "<group>";
		};
		E25579C52445AFC4005E3D9A = {
			isa = PBXGroup;
			children = (
				E25579D02445AFC4005E3D9A /* P3_01_XCode */,
				E25579CF2445AFC4005E3D9A /* Products */,
			);
			sourceTree = "<group>";
		};
		E25579CF2445AFC4005E3D9A /* Products */ = {
			isa = PBXGroup;
			children = (
				E25579CE2445AFC4005E3D9A /* P3_01_XCode */,
			);
			name = Products;
			sourceTree = "<group>";
		};
		E25579D02445AFC4005E3D9A /* P3_01_XCode */ = {
			isa = PBXGroup;
			children = (
				E23C85C7244B083E009E4162 /* main.swift */,
				E22F1A48246FF10200675E81 /* NameDefiner.swift */,
				E25579D12445AFC4005E3D9A /* GameManager.swift */,
				E2293204245196DF004EE9CF /* Family.swift */,
				E23C85AE244AF625009E4162 /* Player */,
				E23C859D244AF263009E4162 /* Warrior */,
				E23C859C244AF077009E4162 /* Weapon */,
				E25579DE2445BBA9005E3D9A /* Chest.swift */,
				E22F1A46246FEC1A00675E81 /* InputError.swift */,
			);
			path = P3_01_XCode;
			sourceTree = "<group>";
		};
/* End PBXGroup section */

/* Begin PBXNativeTarget section */
		E25579CD2445AFC4005E3D9A /* P3_01_XCode */ = {
			isa = PBXNativeTarget;
			buildConfigurationList = E25579D52445AFC4005E3D9A /* Build configuration list for PBXNativeTarget "P3_01_XCode" */;
			buildPhases = (
				E25579CA2445AFC4005E3D9A /* Sources */,
				E25579CB2445AFC4005E3D9A /* Frameworks */,
				E25579CC2445AFC4005E3D9A /* CopyFiles */,
			);
			buildRules = (
			);
			dependencies = (
			);
			name = P3_01_XCode;
			productName = P3_01_XCode;
			productReference = E25579CE2445AFC4005E3D9A /* P3_01_XCode */;
			productType = "com.apple.product-type.tool";
		};
/* End PBXNativeTarget section */

/* Begin PBXProject section */
		E25579C62445AFC4005E3D9A /* Project object */ = {
			isa = PBXProject;
			attributes = {
				LastSwiftUpdateCheck = 1140;
				LastUpgradeCheck = 1140;
				ORGANIZATIONNAME = "Fabrice Mourou";
				TargetAttributes = {
					E25579CD2445AFC4005E3D9A = {
						CreatedOnToolsVersion = 11.4;
					};
				};
			};
			buildConfigurationList = E25579C92445AFC4005E3D9A /* Build configuration list for PBXProject "P3_01_XCode" */;
			compatibilityVersion = "Xcode 9.3";
			developmentRegion = en;
			hasScannedForEncodings = 0;
			knownRegions = (
				en,
				Base,
			);
			mainGroup = E25579C52445AFC4005E3D9A;
			productRefGroup = E25579CF2445AFC4005E3D9A /* Products */;
			projectDirPath = "";
			projectRoot = "";
			targets = (
				E25579CD2445AFC4005E3D9A /* P3_01_XCode */,
			);
		};
/* End PBXProject section */

/* Begin PBXSourcesBuildPhase section */
		E25579CA2445AFC4005E3D9A /* Sources */ = {
			isa = PBXSourcesBuildPhase;
			buildActionMask = 2147483647;
			files = (
				E23C8595244AEF69009E4162 /* Uchigatana.swift in Sources */,
				E25579DB2445BB4E005E3D9A /* Warrior.swift in Sources */,
				E25579DD2445BB7D005E3D9A /* Weapon.swift in Sources */,
				E25579D92445B48A005E3D9A /* Player.swift in Sources */,
				E23C85A3244AF37E009E4162 /* Hanabi.swift in Sources */,
				E25579D22445AFC4005E3D9A /* GameManager.swift in Sources */,
				E23C85A7244AF3F9009E4162 /* Namiko.swift in Sources */,
				E23C8591244AEE3A009E4162 /* Naginata.swift in Sources */,
				E25579DF2445BBA9005E3D9A /* Chest.swift in Sources */,
				E23C8599244AEFD8009E4162 /* Tachi.swift in Sources */,
				E23C85A1244AF338009E4162 /* Eijiro.swift in Sources */,
				E23C85A5244AF3B9009E4162 /* Kabuto.swift in Sources */,
				E22F1A49246FF10200675E81 /* NameDefiner.swift in Sources */,
				E2293205245196DF004EE9CF /* Family.swift in Sources */,
				E22F1A47246FEC1A00675E81 /* InputError.swift in Sources */,
				E23C8593244AEEFE009E4162 /* Tanto.swift in Sources */,
				E23C859F244AF2A3009E4162 /* Asako.swift in Sources */,
				E23C85C8244B083E009E4162 /* main.swift in Sources */,
				E23C85A9244AF432009E4162 /* Shido.swift in Sources */,
				E23C859B244AF049009E4162 /* Kunaï.swift in Sources */,
				E23C8597244AEFA7009E4162 /* Wakizushi.swift in Sources */,
			);
			runOnlyForDeploymentPostprocessing = 0;
		};
/* End PBXSourcesBuildPhase section */

/* Begin XCBuildConfiguration section */
		E25579D32445AFC4005E3D9A /* Debug */ = {
			isa = XCBuildConfiguration;
			buildSettings = {
				ALWAYS_SEARCH_USER_PATHS = NO;
				CLANG_ANALYZER_NONNULL = YES;
				CLANG_ANALYZER_NUMBER_OBJECT_CONVERSION = YES_AGGRESSIVE;
				CLANG_CXX_LANGUAGE_STANDARD = "gnu++14";
				CLANG_CXX_LIBRARY = "libc++";
				CLANG_ENABLE_MODULES = YES;
				CLANG_ENABLE_OBJC_ARC = YES;
				CLANG_ENABLE_OBJC_WEAK = YES;
				CLANG_WARN_BLOCK_CAPTURE_AUTORELEASING = YES;
				CLANG_WARN_BOOL_CONVERSION = YES;
				CLANG_WARN_COMMA = YES;
				CLANG_WARN_CONSTANT_CONVERSION = YES;
				CLANG_WARN_DEPRECATED_OBJC_IMPLEMENTATIONS = YES;
				CLANG_WARN_DIRECT_OBJC_ISA_USAGE = YES_ERROR;
				CLANG_WARN_DOCUMENTATION_COMMENTS = YES;
				CLANG_WARN_EMPTY_BODY = YES;
				CLANG_WARN_ENUM_CONVERSION = YES;
				CLANG_WARN_INFINITE_RECURSION = YES;
				CLANG_WARN_INT_CONVERSION = YES;
				CLANG_WARN_NON_LITERAL_NULL_CONVERSION = YES;
				CLANG_WARN_OBJC_IMPLICIT_RETAIN_SELF = YES;
				CLANG_WARN_OBJC_LITERAL_CONVERSION = YES;
				CLANG_WARN_OBJC_ROOT_CLASS = YES_ERROR;
				CLANG_WARN_RANGE_LOOP_ANALYSIS = YES;
				CLANG_WARN_STRICT_PROTOTYPES = YES;
				CLANG_WARN_SUSPICIOUS_MOVE = YES;
				CLANG_WARN_UNGUARDED_AVAILABILITY = YES_AGGRESSIVE;
				CLANG_WARN_UNREACHABLE_CODE = YES;
				CLANG_WARN__DUPLICATE_METHOD_MATCH = YES;
				COPY_PHASE_STRIP = NO;
				DEBUG_INFORMATION_FORMAT = dwarf;
				ENABLE_STRICT_OBJC_MSGSEND = YES;
				ENABLE_TESTABILITY = YES;
				GCC_C_LANGUAGE_STANDARD = gnu11;
				GCC_DYNAMIC_NO_PIC = NO;
				GCC_NO_COMMON_BLOCKS = YES;
				GCC_OPTIMIZATION_LEVEL = 0;
				GCC_PREPROCESSOR_DEFINITIONS = (
					"DEBUG=1",
					"$(inherited)",
				);
				GCC_WARN_64_TO_32_BIT_CONVERSION = YES;
				GCC_WARN_ABOUT_RETURN_TYPE = YES_ERROR;
				GCC_WARN_UNDECLARED_SELECTOR = YES;
				GCC_WARN_UNINITIALIZED_AUTOS = YES_AGGRESSIVE;
				GCC_WARN_UNUSED_FUNCTION = YES;
				GCC_WARN_UNUSED_VARIABLE = YES;
				MACOSX_DEPLOYMENT_TARGET = 10.15;
				MTL_ENABLE_DEBUG_INFO = INCLUDE_SOURCE;
				MTL_FAST_MATH = YES;
				ONLY_ACTIVE_ARCH = YES;
				SDKROOT = macosx;
				SWIFT_ACTIVE_COMPILATION_CONDITIONS = DEBUG;
				SWIFT_OPTIMIZATION_LEVEL = "-Onone";
			};
			name = Debug;
		};
		E25579D42445AFC4005E3D9A /* Release */ = {
			isa = XCBuildConfiguration;
			buildSettings = {
				ALWAYS_SEARCH_USER_PATHS = NO;
				CLANG_ANALYZER_NONNULL = YES;
				CLANG_ANALYZER_NUMBER_OBJECT_CONVERSION = YES_AGGRESSIVE;
				CLANG_CXX_LANGUAGE_STANDARD = "gnu++14";
				CLANG_CXX_LIBRARY = "libc++";
				CLANG_ENABLE_MODULES = YES;
				CLANG_ENABLE_OBJC_ARC = YES;
				CLANG_ENABLE_OBJC_WEAK = YES;
				CLANG_WARN_BLOCK_CAPTURE_AUTORELEASING = YES;
				CLANG_WARN_BOOL_CONVERSION = YES;
				CLANG_WARN_COMMA = YES;
				CLANG_WARN_CONSTANT_CONVERSION = YES;
				CLANG_WARN_DEPRECATED_OBJC_IMPLEMENTATIONS = YES;
				CLANG_WARN_DIRECT_OBJC_ISA_USAGE = YES_ERROR;
				CLANG_WARN_DOCUMENTATION_COMMENTS = YES;
				CLANG_WARN_EMPTY_BODY = YES;
				CLANG_WARN_ENUM_CONVERSION = YES;
				CLANG_WARN_INFINITE_RECURSION = YES;
				CLANG_WARN_INT_CONVERSION = YES;
				CLANG_WARN_NON_LITERAL_NULL_CONVERSION = YES;
				CLANG_WARN_OBJC_IMPLICIT_RETAIN_SELF = YES;
				CLANG_WARN_OBJC_LITERAL_CONVERSION = YES;
				CLANG_WARN_OBJC_ROOT_CLASS = YES_ERROR;
				CLANG_WARN_RANGE_LOOP_ANALYSIS = YES;
				CLANG_WARN_STRICT_PROTOTYPES = YES;
				CLANG_WARN_SUSPICIOUS_MOVE = YES;
				CLANG_WARN_UNGUARDED_AVAILABILITY = YES_AGGRESSIVE;
				CLANG_WARN_UNREACHABLE_CODE = YES;
				CLANG_WARN__DUPLICATE_METHOD_MATCH = YES;
				COPY_PHASE_STRIP = NO;
				DEBUG_INFORMATION_FORMAT = "dwarf-with-dsym";
				ENABLE_NS_ASSERTIONS = NO;
				ENABLE_STRICT_OBJC_MSGSEND = YES;
				GCC_C_LANGUAGE_STANDARD = gnu11;
				GCC_NO_COMMON_BLOCKS = YES;
				GCC_WARN_64_TO_32_BIT_CONVERSION = YES;
				GCC_WARN_ABOUT_RETURN_TYPE = YES_ERROR;
				GCC_WARN_UNDECLARED_SELECTOR = YES;
				GCC_WARN_UNINITIALIZED_AUTOS = YES_AGGRESSIVE;
				GCC_WARN_UNUSED_FUNCTION = YES;
				GCC_WARN_UNUSED_VARIABLE = YES;
				MACOSX_DEPLOYMENT_TARGET = 10.15;
				MTL_ENABLE_DEBUG_INFO = NO;
				MTL_FAST_MATH = YES;
				SDKROOT = macosx;
				SWIFT_COMPILATION_MODE = wholemodule;
				SWIFT_OPTIMIZATION_LEVEL = "-O";
			};
			name = Release;
		};
		E25579D62445AFC4005E3D9A /* Debug */ = {
			isa = XCBuildConfiguration;
			buildSettings = {
				CODE_SIGN_STYLE = Automatic;
				DEVELOPMENT_TEAM = B4GMB4889M;
				ENABLE_HARDENED_RUNTIME = YES;
				PRODUCT_NAME = "$(TARGET_NAME)";
				SWIFT_VERSION = 5.0;
			};
			name = Debug;
		};
		E25579D72445AFC4005E3D9A /* Release */ = {
			isa = XCBuildConfiguration;
			buildSettings = {
				CODE_SIGN_STYLE = Automatic;
				DEVELOPMENT_TEAM = B4GMB4889M;
				ENABLE_HARDENED_RUNTIME = YES;
				PRODUCT_NAME = "$(TARGET_NAME)";
				SWIFT_VERSION = 5.0;
			};
			name = Release;
		};
/* End XCBuildConfiguration section */

/* Begin XCConfigurationList section */
		E25579C92445AFC4005E3D9A /* Build configuration list for PBXProject "P3_01_XCode" */ = {
			isa = XCConfigurationList;
			buildConfigurations = (
				E25579D32445AFC4005E3D9A /* Debug */,
				E25579D42445AFC4005E3D9A /* Release */,
			);
			defaultConfigurationIsVisible = 0;
			defaultConfigurationName = Release;
		};
		E25579D52445AFC4005E3D9A /* Build configuration list for PBXNativeTarget "P3_01_XCode" */ = {
			isa = XCConfigurationList;
			buildConfigurations = (
				E25579D62445AFC4005E3D9A /* Debug */,
				E25579D72445AFC4005E3D9A /* Release */,
			);
			defaultConfigurationIsVisible = 0;
			defaultConfigurationName = Release;
		};
/* End XCConfigurationList section */
	};
	rootObject = E25579C62445AFC4005E3D9A /* Project object */;
}
